<?xml version="1.0" encoding="utf-8"?>
<Project ToolsVersion="4.0" xmlns="http://schemas.microsoft.com/developer/msbuild/2003">
  <ItemGroup>
    <Filter Include="Obligatorio">
      <UniqueIdentifier>{288f1f99-c3c9-4721-83c2-89f1e1834f2d}</UniqueIdentifier>
    </Filter>
    <Filter Include="Obligatorio\Pruebas">
      <UniqueIdentifier>{ec6ed5e1-1060-4607-b4f7-9efbc68609a8}</UniqueIdentifier>
    </Filter>
    <Filter Include="Implementacion">
      <UniqueIdentifier>{5f63c92d-1635-4d7e-a513-4bf82e999fe4}</UniqueIdentifier>
    </Filter>
    <Filter Include="Implementacion\Tads">
      <UniqueIdentifier>{dbba3574-390f-48f9-ac1c-47e7674383f7}</UniqueIdentifier>
    </Filter>
    <Filter Include="Implementacion\Tads\ListaOrdenada">
      <UniqueIdentifier>{544b0ef7-3657-4746-aa6e-65614a2a33dc}</UniqueIdentifier>
    </Filter>
    <Filter Include="Implementacion\Tads\Pila">
      <UniqueIdentifier>{fe1e46cb-c097-4547-86cb-594c4a0a3561}</UniqueIdentifier>
    </Filter>
  </ItemGroup>
  <ItemGroup>
    <ClCompile Include="CasoDePrueba.cpp">
      <Filter>Obligatorio\Pruebas</Filter>
    </ClCompile>
    <ClCompile Include="main.cpp">
      <Filter>Implementacion</Filter>
    </ClCompile>
    <ClCompile Include="Sistema.cpp">
      <Filter>Implementacion</Filter>
    </ClCompile>
    <ClCompile Include="SistemaTemplates.cpp">
      <Filter>Implementacion</Filter>
    </ClCompile>
    <ClCompile Include="ListaEncadenadaImp.cpp">
      <Filter>Implementacion\Tads\ListaOrdenada</Filter>
    </ClCompile>
    <ClCompile Include="ListaEncadenadaIteracion.cpp">
      <Filter>Implementacion\Tads\ListaOrdenada</Filter>
    </ClCompile>
    <ClCompile Include="PilaArray.cpp">
      <Filter>Implementacion\Tads\Pila</Filter>
    </ClCompile>
    <ClCompile Include="PilaLista.cpp">
      <Filter>Implementacion\Tads\Pila</Filter>
    </ClCompile>
    <ClCompile Include="PilaIteracion.cpp">
      <Filter>Implementacion\Tads\Pila</Filter>
    </ClCompile>
  </ItemGroup>
  <ItemGroup>
    <ClInclude Include="CasoDePrueba.h">
      <Filter>Obligatorio\Pruebas</Filter>
    </ClInclude>
    <ClInclude Include="Sistema.h">
      <Filter>Implementacion</Filter>
    </ClInclude>
    <ClInclude Include="Pila.h">
      <Filter>Implementacion\Tads</Filter>
    </ClInclude>
    <ClInclude Include="ColaPrioridad.h">
      <Filter>Implementacion\Tads</Filter>
    </ClInclude>
    <ClInclude Include="ListaOrd.h">
      <Filter>Implementacion\Tads</Filter>
    </ClInclude>
    <ClInclude Include="ListaEncadenadaImp.h">
      <Filter>Implementacion\Tads\ListaOrdenada</Filter>
    </ClInclude>
    <ClInclude Include="ListaEncadenadaIteracion.h">
      <Filter>Implementacion\Tads\ListaOrdenada</Filter>
    </ClInclude>
    <ClInclude Include="NodoLista.h">
      <Filter>Implementacion\Tads\ListaOrdenada</Filter>
    </ClInclude>
    <ClInclude Include="PilaArray.h">
      <Filter>Implementacion\Tads\Pila</Filter>
    </ClInclude>
    <ClInclude Include="PilaLista.h">
      <Filter>Implementacion\Tads\Pila</Filter>
    </ClInclude>
    <ClInclude Include="PilaIteracion.h">
      <Filter>Implementacion\Tads\Pila</Filter>
    </ClInclude>
  </ItemGroup>
</Project>